
Microsoft Visual Studio Solution File, Format Version 12.00
# Visual Studio Version 17
VisualStudioVersion = 17.8.34316.72
MinimumVisualStudioVersion = 10.0.40219.1
Project("{FAE04EC0-301F-11D3-BF4B-00C04F79EFBC}") = "Лр6_З1", "Лр6_З1.csproj", "{968A9AB2-A837-487B-A137-3FA94D9A41CD}"
EndProject
Global
	GlobalSection(SolutionConfigurationPlatforms) = preSolution
		Debug|Any CPU = Debug|Any CPU
		Release|Any CPU = Release|Any CPU
	EndGlobalSection
	GlobalSection(ProjectConfigurationPlatforms) = postSolution
		{968A9AB2-A837-487B-A137-3FA94D9A41CD}.Debug|Any CPU.ActiveCfg = Debug|Any CPU
		{968A9AB2-A837-487B-A137-3FA94D9A41CD}.Debug|Any CPU.Build.0 = Debug|Any CPU
		{968A9AB2-A837-487B-A137-3FA94D9A41CD}.Release|Any CPU.ActiveCfg = Release|Any CPU
		{968A9AB2-A837-487B-A137-3FA94D9A41CD}.Release|Any CPU.Build.0 = Release|Any CPU
	EndGlobalSection
	GlobalSection(SolutionProperties) = preSolution
		HideSolutionNode = FALSE
	EndGlobalSection
	GlobalSection(ExtensibilityGlobals) = postSolution
		SolutionGuid = {08834349-DD1D-4C0A-95F4-DFA8D86FB6BD}
	EndGlobalSection
EndGlobal
